<?xml version="1.0" encoding="utf-8"?>
<Project ToolsVersion="4.0" xmlns="http://schemas.microsoft.com/developer/msbuild/2003">
  <ItemGroup>
    <Filter Include="源文件">
      <UniqueIdentifier>{4FC737F1-C7A5-4376-A066-2A32D752A2FF}</UniqueIdentifier>
      <Extensions>cpp;c;cc;cxx;def;odl;idl;hpj;bat;asm;asmx</Extensions>
    </Filter>
    <Filter Include="头文件">
      <UniqueIdentifier>{93995380-89BD-4b04-88EB-625FBE52EBFB}</UniqueIdentifier>
      <Extensions>h;hh;hpp;hxx;hm;inl;inc;xsd</Extensions>
    </Filter>
    <Filter Include="资源文件">
      <UniqueIdentifier>{67DA6AB6-F800-4c08-8B7A-83BB121AAD01}</UniqueIdentifier>
      <Extensions>rc;ico;cur;bmp;dlg;rc2;rct;bin;rgs;gif;jpg;jpeg;jpe;resx;tiff;tif;png;wav;mfcribbon-ms</Extensions>
    </Filter>
    <Filter Include="Huawei">
      <UniqueIdentifier>{0d4ad245-3f81-426f-81ce-8a18e949d167}</UniqueIdentifier>
    </Filter>
    <Filter Include="剑指Offer">
      <UniqueIdentifier>{13c04264-2981-4e0d-bcec-a41ff6b0da9b}</UniqueIdentifier>
    </Filter>
  </ItemGroup>
  <ItemGroup>
    <ClCompile Include="OnlineTest.cpp">
      <Filter>源文件</Filter>
    </ClCompile>
    <ClCompile Include="汽水瓶.cpp">
      <Filter>Huawei</Filter>
    </ClCompile>
    <ClCompile Include="删除字符串中出现最少的字符.cpp">
      <Filter>Huawei</Filter>
    </ClCompile>
    <ClCompile Include="int型数据在内存中存储时1的个数.cpp">
      <Filter>Huawei</Filter>
    </ClCompile>
    <ClCompile Include="购物单.cpp">
      <Filter>Huawei</Filter>
    </ClCompile>
    <ClCompile Include="合并索引表.cpp">
      <Filter>Huawei</Filter>
    </ClCompile>
    <ClCompile Include="计算字符个数.cpp">
      <Filter>Huawei</Filter>
    </ClCompile>
    <ClCompile Include="简单错误记录.cpp">
      <Filter>Huawei</Filter>
    </ClCompile>
    <ClCompile Include="简单密码.cpp">
      <Filter>Huawei</Filter>
    </ClCompile>
    <ClCompile Include="进制转换.cpp">
      <Filter>Huawei</Filter>
    </ClCompile>
    <ClCompile Include="句子逆序.cpp">
      <Filter>Huawei</Filter>
    </ClCompile>
    <ClCompile Include="密码验证合格程序.cpp">
      <Filter>Huawei</Filter>
    </ClCompile>
    <ClCompile Include="明明的随机数.cpp">
      <Filter>Huawei</Filter>
    </ClCompile>
    <ClCompile Include="取近似值.cpp">
      <Filter>Huawei</Filter>
    </ClCompile>
    <ClCompile Include="识别有效的IP地址和掩码并进行分类统计.cpp">
      <Filter>Huawei</Filter>
    </ClCompile>
    <ClCompile Include="数字颠倒.cpp">
      <Filter>Huawei</Filter>
    </ClCompile>
    <ClCompile Include="提取不重复的整数.cpp">
      <Filter>Huawei</Filter>
    </ClCompile>
    <ClCompile Include="质数因子.cpp">
      <Filter>Huawei</Filter>
    </ClCompile>
    <ClCompile Include="字串的连接最长路径查找.cpp">
      <Filter>Huawei</Filter>
    </ClCompile>
    <ClCompile Include="字符串分隔.cpp">
      <Filter>Huawei</Filter>
    </ClCompile>
    <ClCompile Include="字符串最后一个单词的长度.cpp">
      <Filter>Huawei</Filter>
    </ClCompile>
    <ClCompile Include="字符个数统计.cpp">
      <Filter>Huawei</Filter>
    </ClCompile>
    <ClCompile Include="坐标移动.cpp">
      <Filter>Huawei</Filter>
    </ClCompile>
    <ClCompile Include="合唱队形.cpp">
      <Filter>Huawei</Filter>
    </ClCompile>
    <ClCompile Include="数据分类处理.cpp">
      <Filter>Huawei</Filter>
    </ClCompile>
    <ClCompile Include="字符串排序.cpp">
      <Filter>Huawei</Filter>
    </ClCompile>
    <ClCompile Include="查找兄弟单词.cpp">
      <Filter>Huawei</Filter>
    </ClCompile>
    <ClCompile Include="素数伴侣.cpp">
      <Filter>Huawei</Filter>
    </ClCompile>
    <ClCompile Include="字符串加解密.cpp">
      <Filter>Huawei</Filter>
    </ClCompile>
    <ClCompile Include="字符串合并处理.cpp">
      <Filter>Huawei</Filter>
    </ClCompile>
    <ClCompile Include="单词倒排.cpp">
      <Filter>Huawei</Filter>
    </ClCompile>
    <ClCompile Include="字符串运用-密码截取.cpp">
      <Filter>Huawei</Filter>
    </ClCompile>
    <ClCompile Include="整数与IP地址间的转换.cpp">
      <Filter>Huawei</Filter>
    </ClCompile>
    <ClCompile Include="图片整理.cpp">
      <Filter>Huawei</Filter>
    </ClCompile>
    <ClCompile Include="蛇形矩阵.cpp">
      <Filter>Huawei</Filter>
    </ClCompile>
    <ClCompile Include="替换空格.cpp">
      <Filter>剑指Offer</Filter>
    </ClCompile>
    <ClCompile Include="从头到尾打印链表.cpp">
      <Filter>剑指Offer</Filter>
    </ClCompile>
    <ClCompile Include="重建二叉树.cpp">
      <Filter>剑指Offer</Filter>
    </ClCompile>
    <ClCompile Include="用两个栈实现队列.cpp">
      <Filter>剑指Offer</Filter>
    </ClCompile>
    <ClCompile Include="旋转数组的最小对象.cpp">
      <Filter>剑指Offer</Filter>
    </ClCompile>
    <ClCompile Include="斐波那契数列.cpp">
      <Filter>剑指Offer</Filter>
    </ClCompile>
    <ClCompile Include="跳台阶.cpp">
      <Filter>剑指Offer</Filter>
    </ClCompile>
    <ClCompile Include="变态跳台阶.cpp">
      <Filter>剑指Offer</Filter>
    </ClCompile>
    <ClCompile Include="二进制数中1的个数.cpp">
      <Filter>剑指Offer</Filter>
    </ClCompile>
    <ClCompile Include="调整数组顺序使奇数位于偶数前面.cpp">
      <Filter>剑指Offer</Filter>
    </ClCompile>
    <ClCompile Include="链表中倒数第k个结点.cpp">
      <Filter>剑指Offer</Filter>
    </ClCompile>
    <ClCompile Include="反转链表.cpp">
      <Filter>剑指Offer</Filter>
    </ClCompile>
    <ClCompile Include="合并两个排序的链表.cpp">
      <Filter>剑指Offer</Filter>
    </ClCompile>
    <ClCompile Include="树的子结构.cpp">
      <Filter>剑指Offer</Filter>
    </ClCompile>
    <ClCompile Include="二叉树的镜像.cpp">
      <Filter>剑指Offer</Filter>
    </ClCompile>
    <ClCompile Include="顺时针打印矩阵.cpp">
      <Filter>剑指Offer</Filter>
    </ClCompile>
    <ClCompile Include="包含min函数的栈.cpp">
      <Filter>剑指Offer</Filter>
    </ClCompile>
    <ClCompile Include="栈的压入、弹出序列.cpp">
      <Filter>剑指Offer</Filter>
    </ClCompile>
    <ClCompile Include="从上往下打印二叉树.cpp">
      <Filter>剑指Offer</Filter>
    </ClCompile>
    <ClCompile Include="二叉搜索树的后序遍历序列.cpp">
      <Filter>剑指Offer</Filter>
    </ClCompile>
    <ClCompile Include="二叉树中和为某一值的路径.cpp">
      <Filter>剑指Offer</Filter>
    </ClCompile>
    <ClCompile Include="复杂列表的复制.cpp">
      <Filter>剑指Offer</Filter>
    </ClCompile>
    <ClCompile Include="二叉搜索树与双向链表.cpp">
      <Filter>剑指Offer</Filter>
    </ClCompile>
    <ClCompile Include="草地排水.cpp">
      <Filter>源文件</Filter>
    </ClCompile>
    <ClCompile Include="转圈游戏.cpp">
      <Filter>源文件</Filter>
    </ClCompile>
    <ClCompile Include="艾泽拉斯的激流.cpp">
      <Filter>源文件</Filter>
    </ClCompile>
    <ClCompile Include="关押罪犯.cpp">
      <Filter>源文件</Filter>
    </ClCompile>
    <ClCompile Include="字符串的排列.cpp">
      <Filter>剑指Offer</Filter>
    </ClCompile>
    <ClCompile Include="数组中出现次数超过一半的数字.cpp">
      <Filter>剑指Offer</Filter>
    </ClCompile>
    <ClCompile Include="最小的K个数.cpp">
      <Filter>剑指Offer</Filter>
    </ClCompile>
    <ClCompile Include="连续子数组的最大和.cpp">
      <Filter>剑指Offer</Filter>
    </ClCompile>
    <ClCompile Include="整数中1出现的次数.cpp">
      <Filter>剑指Offer</Filter>
    </ClCompile>
    <ClCompile Include="把数组排成最小的数.cpp">
      <Filter>剑指Offer</Filter>
    </ClCompile>
    <ClCompile Include="丑数.cpp">
      <Filter>剑指Offer</Filter>
    </ClCompile>
    <ClCompile Include="第一次只出现一次的字符.cpp">
      <Filter>剑指Offer</Filter>
    </ClCompile>
    <ClCompile Include="数组中的逆序对.cpp">
      <Filter>剑指Offer</Filter>
    </ClCompile>
    <ClCompile Include="两个链表的第一个公共节点.cpp">
      <Filter>剑指Offer</Filter>
    </ClCompile>
    <ClCompile Include="数字在排序数组中出现的次数.cpp">
      <Filter>剑指Offer</Filter>
    </ClCompile>
    <ClCompile Include="二叉树的深度.cpp">
      <Filter>剑指Offer</Filter>
    </ClCompile>
    <ClCompile Include="平衡二叉树.cpp">
      <Filter>剑指Offer</Filter>
    </ClCompile>
    <ClCompile Include="数组中只出现一次的数字.cpp">
      <Filter>剑指Offer</Filter>
    </ClCompile>
    <ClCompile Include="和为S的连续正数序列.cpp">
      <Filter>剑指Offer</Filter>
    </ClCompile>
    <ClCompile Include="和为S的两个数字.cpp">
      <Filter>剑指Offer</Filter>
    </ClCompile>
    <ClCompile Include="左旋转字符串.cpp">
      <Filter>剑指Offer</Filter>
    </ClCompile>
    <ClCompile Include="翻转单词顺序列.cpp">
      <Filter>剑指Offer</Filter>
    </ClCompile>
    <ClCompile Include="扑克牌顺子.cpp">
      <Filter>剑指Offer</Filter>
    </ClCompile>
    <ClCompile Include="孩子们的游戏（圆圈中最后剩下的数）.cpp">
      <Filter>剑指Offer</Filter>
    </ClCompile>
    <ClCompile Include="TemplateTest.cpp">
      <Filter>源文件</Filter>
    </ClCompile>
    <ClCompile Include="Tarjan.cpp">
      <Filter>源文件</Filter>
    </ClCompile>
    <ClCompile Include="SegmentTree.cpp">
      <Filter>源文件</Filter>
    </ClCompile>
  </ItemGroup>
  <ItemGroup>
    <ClInclude Include="TemplateTest.h">
      <Filter>头文件</Filter>
    </ClInclude>
  </ItemGroup>
</Project>